
Microsoft Visual Studio Solution File, Format Version 12.00
# Visual Studio Version 16
VisualStudioVersion = 16.0.30002.166
MinimumVisualStudioVersion = 10.0.40219.1
Project("{FAE04EC0-301F-11D3-BF4B-00C04F79EFBC}") = "Common", "Common\Common.csproj", "{089C3631-46D3-416E-8579-3D10E0666909}"
EndProject
Project("{FAE04EC0-301F-11D3-BF4B-00C04F79EFBC}") = "Common.Tests", "Common.Tests\Common.Tests.csproj", "{D485DB74-7BD5-4FC5-A227-4DABB5ECA036}"
EndProject
Global
	GlobalSection(SolutionConfigurationPlatforms) = preSolution
		Debug|Any CPU = Debug|Any CPU
		Release|Any CPU = Release|Any CPU
	EndGlobalSection
	GlobalSection(ProjectConfigurationPlatforms) = postSolution
		{089C3631-46D3-416E-8579-3D10E0666909}.Debug|Any CPU.ActiveCfg = Debug|Any CPU
		{089C3631-46D3-416E-8579-3D10E0666909}.Debug|Any CPU.Build.0 = Debug|Any CPU
		{089C3631-46D3-416E-8579-3D10E0666909}.Release|Any CPU.ActiveCfg = Release|Any CPU
		{089C3631-46D3-416E-8579-3D10E0666909}.Release|Any CPU.Build.0 = Release|Any CPU
		{D485DB74-7BD5-4FC5-A227-4DABB5ECA036}.Debug|Any CPU.ActiveCfg = Debug|Any CPU
		{D485DB74-7BD5-4FC5-A227-4DABB5ECA036}.Debug|Any CPU.Build.0 = Debug|Any CPU
		{D485DB74-7BD5-4FC5-A227-4DABB5ECA036}.Release|Any CPU.ActiveCfg = Release|Any CPU
		{D485DB74-7BD5-4FC5-A227-4DABB5ECA036}.Release|Any CPU.Build.0 = Release|Any CPU
	EndGlobalSection
	GlobalSection(SolutionProperties) = preSolution
		HideSolutionNode = FALSE
	EndGlobalSection
	GlobalSection(ExtensibilityGlobals) = postSolution
		SolutionGuid = {BD80F43F-7322-4F31-A976-4BF8963FB2AB}
	EndGlobalSection
EndGlobal
